
Microsoft Visual Studio Solution File, Format Version 12.00
# Visual Studio Version 17
VisualStudioVersion = 17.8.34525.116
MinimumVisualStudioVersion = 10.0.40219.1
Project("{FAE04EC0-301F-11D3-BF4B-00C04F79EFBC}") = "PrintersApp", "PrintersApp\PrintersApp.csproj", "{C1B3DA4A-A27D-4557-9159-E4AC9C4685BA}"
EndProject
Global
	GlobalSection(SolutionConfigurationPlatforms) = preSolution
		Debug|Any CPU = Debug|Any CPU
		Release|Any CPU = Release|Any CPU
	EndGlobalSection
	GlobalSection(ProjectConfigurationPlatforms) = postSolution
		{C1B3DA4A-A27D-4557-9159-E4AC9C4685BA}.Debug|Any CPU.ActiveCfg = Debug|Any CPU
		{C1B3DA4A-A27D-4557-9159-E4AC9C4685BA}.Debug|Any CPU.Build.0 = Debug|Any CPU
		{C1B3DA4A-A27D-4557-9159-E4AC9C4685BA}.Release|Any CPU.ActiveCfg = Release|Any CPU
		{C1B3DA4A-A27D-4557-9159-E4AC9C4685BA}.Release|Any CPU.Build.0 = Release|Any CPU
	EndGlobalSection
	GlobalSection(SolutionProperties) = preSolution
		HideSolutionNode = FALSE
	EndGlobalSection
	GlobalSection(ExtensibilityGlobals) = postSolution
		SolutionGuid = {D1D48440-0974-4FFC-A340-0E9620633BFF}
	EndGlobalSection
EndGlobal
